<?xml version="1.0" encoding="utf-8"?>
<Project ToolsVersion="4.0" xmlns="http://schemas.microsoft.com/developer/msbuild/2003">
  <ItemGroup>
    <Filter Include="소스 파일">
      <UniqueIdentifier>{4FC737F1-C7A5-4376-A066-2A32D752A2FF}</UniqueIdentifier>
      <Extensions>cpp;c;cc;cxx;def;odl;idl;hpj;bat;asm;asmx</Extensions>
    </Filter>
    <Filter Include="헤더 파일">
      <UniqueIdentifier>{93995380-89BD-4b04-88EB-625FBE52EBFB}</UniqueIdentifier>
      <Extensions>h;hh;hpp;hxx;hm;inl;inc;xsd</Extensions>
    </Filter>
    <Filter Include="리소스 파일">
      <UniqueIdentifier>{67DA6AB6-F800-4c08-8B7A-83BB121AAD01}</UniqueIdentifier>
      <Extensions>rc;ico;cur;bmp;dlg;rc2;rct;bin;rgs;gif;jpg;jpeg;jpe;resx;tiff;tif;png;wav;mfcribbon-ms</Extensions>
    </Filter>
  </ItemGroup>
  <ItemGroup>
    <Text Include="ReadMe.txt" />
    <Text Include="res\map.txt" />
  </ItemGroup>
  <ItemGroup>
    <ClInclude Include="MFC_Raccoon.h">
      <Filter>헤더 파일</Filter>
    </ClInclude>
    <ClInclude Include="stdafx.h">
      <Filter>헤더 파일</Filter>
    </ClInclude>
    <ClInclude Include="targetver.h">
      <Filter>헤더 파일</Filter>
    </ClInclude>
    <ClInclude Include="MainFrm.h">
      <Filter>헤더 파일</Filter>
    </ClInclude>
    <ClInclude Include="ChildView.h">
      <Filter>헤더 파일</Filter>
    </ClInclude>
    <ClInclude Include="Resource.h">
      <Filter>헤더 파일</Filter>
    </ClInclude>
    <ClInclude Include="Game.h">
      <Filter>헤더 파일</Filter>
    </ClInclude>
    <ClInclude Include="Raccoon.h">
      <Filter>헤더 파일</Filter>
    </ClInclude>
    <ClInclude Include="Enemy.h">
      <Filter>헤더 파일</Filter>
    </ClInclude>
    <ClInclude Include="Item.h">
      <Filter>헤더 파일</Filter>
    </ClInclude>
    <ClInclude Include="Map.h">
      <Filter>헤더 파일</Filter>
    </ClInclude>
    <ClInclude Include="Logger.h">
      <Filter>헤더 파일</Filter>
    </ClInclude>
  </ItemGroup>
  <ItemGroup>
    <ClCompile Include="MFC_Raccoon.cpp">
      <Filter>소스 파일</Filter>
    </ClCompile>
    <ClCompile Include="stdafx.cpp">
      <Filter>소스 파일</Filter>
    </ClCompile>
    <ClCompile Include="MainFrm.cpp">
      <Filter>소스 파일</Filter>
    </ClCompile>
    <ClCompile Include="ChildView.cpp">
      <Filter>소스 파일</Filter>
    </ClCompile>
    <ClCompile Include="Game.cpp">
      <Filter>소스 파일</Filter>
    </ClCompile>
    <ClCompile Include="Raccoon.cpp">
      <Filter>소스 파일</Filter>
    </ClCompile>
    <ClCompile Include="Enemy.cpp">
      <Filter>소스 파일</Filter>
    </ClCompile>
    <ClCompile Include="Item.cpp">
      <Filter>소스 파일</Filter>
    </ClCompile>
    <ClCompile Include="Map.cpp">
      <Filter>소스 파일</Filter>
    </ClCompile>
    <ClCompile Include="Logger.cpp">
      <Filter>소스 파일</Filter>
    </ClCompile>
  </ItemGroup>
  <ItemGroup>
    <ResourceCompile Include="MFC_Raccoon.rc">
      <Filter>리소스 파일</Filter>
    </ResourceCompile>
  </ItemGroup>
  <ItemGroup>
    <None Include="res\MFC_Raccoon.rc2">
      <Filter>리소스 파일</Filter>
    </None>
  </ItemGroup>
  <ItemGroup>
    <Image Include="res\MFC_Raccoon.ico">
      <Filter>리소스 파일</Filter>
    </Image>
    <Image Include="res\Toolbar.bmp">
      <Filter>리소스 파일</Filter>
    </Image>
    <Image Include="res\bitmap1.bmp">
      <Filter>리소스 파일</Filter>
    </Image>
    <Image Include="res\Raccoon.ico">
      <Filter>리소스 파일</Filter>
    </Image>
    <Image Include="res\baby.bmp">
      <Filter>리소스 파일</Filter>
    </Image>
    <Image Include="res\bonus.bmp">
      <Filter>리소스 파일</Filter>
    </Image>
    <Image Include="res\die.bmp">
      <Filter>리소스 파일</Filter>
    </Image>
    <Image Include="res\digit.bmp">
      <Filter>리소스 파일</Filter>
    </Image>
    <Image Include="res\digit_sm.bmp">
      <Filter>리소스 파일</Filter>
    </Image>
    <Image Include="res\drop.bmp">
      <Filter>리소스 파일</Filter>
    </Image>
    <Image Include="res\ending.bmp">
      <Filter>리소스 파일</Filter>
    </Image>
    <Image Include="res\EnemyLeft.bmp">
      <Filter>리소스 파일</Filter>
    </Image>
    <Image Include="res\EnemyLeftRed.bmp">
      <Filter>리소스 파일</Filter>
    </Image>
    <Image Include="res\EnemyRight.bmp">
      <Filter>리소스 파일</Filter>
    </Image>
    <Image Include="res\EnemyRightRed.bmp">
      <Filter>리소스 파일</Filter>
    </Image>
    <Image Include="res\GameOver.bmp">
      <Filter>리소스 파일</Filter>
    </Image>
    <Image Include="res\left.bmp">
      <Filter>리소스 파일</Filter>
    </Image>
    <Image Include="res\LeftJump.bmp">
      <Filter>리소스 파일</Filter>
    </Image>
    <Image Include="res\Lets.bmp">
      <Filter>리소스 파일</Filter>
    </Image>
    <Image Include="res\map_a.bmp">
      <Filter>리소스 파일</Filter>
    </Image>
    <Image Include="res\map_b.bmp">
      <Filter>리소스 파일</Filter>
    </Image>
    <Image Include="res\map_c.bmp">
      <Filter>리소스 파일</Filter>
    </Image>
    <Image Include="res\map_d.bmp">
      <Filter>리소스 파일</Filter>
    </Image>
    <Image Include="res\map_e.bmp">
      <Filter>리소스 파일</Filter>
    </Image>
    <Image Include="res\map_f.bmp">
      <Filter>리소스 파일</Filter>
    </Image>
    <Image Include="res\map_n.bmp">
      <Filter>리소스 파일</Filter>
    </Image>
    <Image Include="res\map_q.bmp">
      <Filter>리소스 파일</Filter>
    </Image>
    <Image Include="res\map_r.bmp">
      <Filter>리소스 파일</Filter>
    </Image>
    <Image Include="res\map_s.bmp">
      <Filter>리소스 파일</Filter>
    </Image>
    <Image Include="res\map_t.bmp">
      <Filter>리소스 파일</Filter>
    </Image>
    <Image Include="res\next.bmp">
      <Filter>리소스 파일</Filter>
    </Image>
    <Image Include="res\right.bmp">
      <Filter>리소스 파일</Filter>
    </Image>
    <Image Include="res\RightJump.bmp">
      <Filter>리소스 파일</Filter>
    </Image>
    <Image Include="res\score.bmp">
      <Filter>리소스 파일</Filter>
    </Image>
    <Image Include="res\SnakeLeft.bmp">
      <Filter>리소스 파일</Filter>
    </Image>
    <Image Include="res\SnakeRight.bmp">
      <Filter>리소스 파일</Filter>
    </Image>
    <Image Include="res\stand.bmp">
      <Filter>리소스 파일</Filter>
    </Image>
    <Image Include="res\surprise.bmp">
      <Filter>리소스 파일</Filter>
    </Image>
    <Image Include="res\updown.bmp">
      <Filter>리소스 파일</Filter>
    </Image>
    <Image Include="res\bmp00001.bmp">
      <Filter>리소스 파일</Filter>
    </Image>
    <Image Include="res\bmp00002.bmp">
      <Filter>리소스 파일</Filter>
    </Image>
    <Image Include="res\super_left.bmp">
      <Filter>리소스 파일</Filter>
    </Image>
    <Image Include="res\super_right.bmp">
      <Filter>리소스 파일</Filter>
    </Image>
    <Image Include="res\super_LeftJump.bmp">
      <Filter>리소스 파일</Filter>
    </Image>
    <Image Include="res\super_RightJump.bmp">
      <Filter>리소스 파일</Filter>
    </Image>
    <Image Include="res\map_bg.bmp">
      <Filter>리소스 파일</Filter>
    </Image>
    <Image Include="res\ghost_left.bmp">
      <Filter>리소스 파일</Filter>
    </Image>
  </ItemGroup>
  <ItemGroup>
    <Media Include="res\clear.wav">
      <Filter>리소스 파일</Filter>
    </Media>
    <Media Include="res\gameover.wav">
      <Filter>리소스 파일</Filter>
    </Media>
    <Media Include="res\intro.wav">
      <Filter>리소스 파일</Filter>
    </Media>
    <Media Include="res\rac_die.wav">
      <Filter>리소스 파일</Filter>
    </Media>
    <Media Include="res\rac_drop.wav">
      <Filter>리소스 파일</Filter>
    </Media>
    <Media Include="res\rac_eat.wav">
      <Filter>리소스 파일</Filter>
    </Media>
    <Media Include="res\rac_jump.wav">
      <Filter>리소스 파일</Filter>
    </Media>
    <Media Include="res\rac_step.wav">
      <Filter>리소스 파일</Filter>
    </Media>
    <Media Include="res\snake.wav">
      <Filter>리소스 파일</Filter>
    </Media>
  </ItemGroup>
</Project>